
Microsoft Visual Studio Solution File, Format Version 12.00
# Visual Studio Version 17
VisualStudioVersion = 17.13.35507.96 d17.13
MinimumVisualStudioVersion = 10.0.40219.1
Project("{FAE04EC0-301F-11D3-BF4B-00C04F79EFBC}") = "CityOfRecipes_backend", "CityOfRecipes_backend\CityOfRecipes_backend.csproj", "{947D3216-7A9A-4C28-9C8B-442B76AACA16}"
EndProject
Global
	GlobalSection(SolutionConfigurationPlatforms) = preSolution
		Debug|Any CPU = Debug|Any CPU
		Release|Any CPU = Release|Any CPU
	EndGlobalSection
	GlobalSection(ProjectConfigurationPlatforms) = postSolution
		{947D3216-7A9A-4C28-9C8B-442B76AACA16}.Debug|Any CPU.ActiveCfg = Debug|Any CPU
		{947D3216-7A9A-4C28-9C8B-442B76AACA16}.Debug|Any CPU.Build.0 = Debug|Any CPU
		{947D3216-7A9A-4C28-9C8B-442B76AACA16}.Release|Any CPU.ActiveCfg = Release|Any CPU
		{947D3216-7A9A-4C28-9C8B-442B76AACA16}.Release|Any CPU.Build.0 = Release|Any CPU
	EndGlobalSection
	GlobalSection(SolutionProperties) = preSolution
		HideSolutionNode = FALSE
	EndGlobalSection
	GlobalSection(ExtensibilityGlobals) = postSolution
		SolutionGuid = {9690E3BA-0CCA-4EBD-A3CD-139F717D2E08}
	EndGlobalSection
EndGlobal
